// !$*UTF8*$!
{
	archiveVersion = 1;
	classes = {
	};
	objectVersion = 46;
	objects = {

/* Begin PBXBuildFile section */
		A293E9B31E435E2C008905B5 /* main.mm in Sources */ = {isa = PBXBuildFile; fileRef = A293E9B21E435E2C008905B5 /* main.mm */; };
		A293E9BB1E435E83008905B5 /* Accelerate.framework in Frameworks */ = {isa = PBXBuildFile; fileRef = A293E9BA1E435E83008905B5 /* Accelerate.framework */; };
		A293E9BD1E435E99008905B5 /* VideoDecodeAcceleration.framework in Frameworks */ = {isa = PBXBuildFile; fileRef = A293E9BC1E435E99008905B5 /* VideoDecodeAcceleration.framework */; };
		A293E9C01E436199008905B5 /* StopWatch.cpp in Sources */ = {isa = PBXBuildFile; fileRef = A293E9BE1E436199008905B5 /* StopWatch.cpp */; };
/* End PBXBuildFile section */

/* Begin PBXCopyFilesBuildPhase section */
		A293E9AD1E435E2B008905B5 /* CopyFiles */ = {
			isa = PBXCopyFilesBuildPhase;
			buildActionMask = 2147483647;
			dstPath = /usr/share/man/man1/;
			dstSubfolderSpec = 0;
			files = (
			);
			runOnlyForDeploymentPostprocessing = 1;
		};
/* End PBXCopyFilesBuildPhase section */

/* Begin PBXFileReference section */
		A293E9AF1E435E2C008905B5 /* simdsample */ = {isa = PBXFileReference; explicitFileType = "compiled.mach-o.executable"; includeInIndex = 0; path = simdsample; sourceTree = BUILT_PRODUCTS_DIR; };
		A293E9B21E435E2C008905B5 /* main.mm */ = {isa = PBXFileReference; lastKnownFileType = sourcecode.cpp.objcpp; path = main.mm; sourceTree = "<group>"; };
		A293E9BA1E435E83008905B5 /* Accelerate.framework */ = {isa = PBXFileReference; lastKnownFileType = wrapper.framework; name = Accelerate.framework; path = System/Library/Frameworks/Accelerate.framework; sourceTree = SDKROOT; };
		A293E9BC1E435E99008905B5 /* VideoDecodeAcceleration.framework */ = {isa = PBXFileReference; lastKnownFileType = wrapper.framework; name = VideoDecodeAcceleration.framework; path = System/Library/Frameworks/VideoDecodeAcceleration.framework; sourceTree = SDKROOT; };
		A293E9BE1E436199008905B5 /* StopWatch.cpp */ = {isa = PBXFileReference; fileEncoding = 4; lastKnownFileType = sourcecode.cpp.cpp; path = StopWatch.cpp; sourceTree = "<group>"; };
		A293E9BF1E436199008905B5 /* StopWatch.h */ = {isa = PBXFileReference; fileEncoding = 4; lastKnownFileType = sourcecode.c.h; path = StopWatch.h; sourceTree = "<group>"; };
/* End PBXFileReference section */

/* Begin PBXFrameworksBuildPhase section */
		A293E9AC1E435E2B008905B5 /* Frameworks */ = {
			isa = PBXFrameworksBuildPhase;
			buildActionMask = 2147483647;
			files = (
				A293E9BD1E435E99008905B5 /* VideoDecodeAcceleration.framework in Frameworks */,
				A293E9BB1E435E83008905B5 /* Accelerate.framework in Frameworks */,
			);
			runOnlyForDeploymentPostprocessing = 0;
		};
/* End PBXFrameworksBuildPhase section */

/* Begin PBXGroup section */
		A293E9A61E435E2B008905B5 = {
			isa = PBXGroup;
			children = (
				A293E9B11E435E2C008905B5 /* simdsample */,
				A293E9B01E435E2C008905B5 /* Products */,
				A293E9B91E435E83008905B5 /* Frameworks */,
			);
			sourceTree = "<group>";
		};
		A293E9B01E435E2C008905B5 /* Products */ = {
			isa = PBXGroup;
			children = (
				A293E9AF1E435E2C008905B5 /* simdsample */,
			);
			name = Products;
			sourceTree = "<group>";
		};
		A293E9B11E435E2C008905B5 /* simdsample */ = {
			isa = PBXGroup;
			children = (
				A293E9BE1E436199008905B5 /* StopWatch.cpp */,
				A293E9BF1E436199008905B5 /* StopWatch.h */,
				A293E9B21E435E2C008905B5 /* main.mm */,
			);
			path = simdsample;
			sourceTree = "<group>";
		};
		A293E9B91E435E83008905B5 /* Frameworks */ = {
			isa = PBXGroup;
			children = (
				A293E9BC1E435E99008905B5 /* VideoDecodeAcceleration.framework */,
				A293E9BA1E435E83008905B5 /* Accelerate.framework */,
			);
			name = Frameworks;
			sourceTree = "<group>";
		};
/* End PBXGroup section */

/* Begin PBXNativeTarget section */
		A293E9AE1E435E2B008905B5 /* simdsample */ = {
			isa = PBXNativeTarget;
			buildConfigurationList = A293E9B61E435E2C008905B5 /* Build configuration list for PBXNativeTarget "simdsample" */;
			buildPhases = (
				A293E9AB1E435E2B008905B5 /* Sources */,
				A293E9AC1E435E2B008905B5 /* Frameworks */,
				A293E9AD1E435E2B008905B5 /* CopyFiles */,
			);
			buildRules = (
			);
			dependencies = (
			);
			name = simdsample;
			productName = simdsample;
			productReference = A293E9AF1E435E2C008905B5 /* simdsample */;
			productType = "com.apple.product-type.tool";
		};
/* End PBXNativeTarget section */

/* Begin PBXProject section */
		A293E9A71E435E2B008905B5 /* Project object */ = {
			isa = PBXProject;
			attributes = {
				LastUpgradeCheck = 0820;
				ORGANIZATIONNAME = pebble8888;
				TargetAttributes = {
					A293E9AE1E435E2B008905B5 = {
						CreatedOnToolsVersion = 8.2.1;
						ProvisioningStyle = Automatic;
					};
				};
			};
			buildConfigurationList = A293E9AA1E435E2B008905B5 /* Build configuration list for PBXProject "simdsample" */;
			compatibilityVersion = "Xcode 3.2";
			developmentRegion = English;
			hasScannedForEncodings = 0;
			knownRegions = (
				en,
			);
			mainGroup = A293E9A61E435E2B008905B5;
			productRefGroup = A293E9B01E435E2C008905B5 /* Products */;
			projectDirPath = "";
			projectRoot = "";
			targets = (
				A293E9AE1E435E2B008905B5 /* simdsample */,
			);
		};
/* End PBXProject section */

/* Begin PBXSourcesBuildPhase section */
		A293E9AB1E435E2B008905B5 /* Sources */ = {
			isa = PBXSourcesBuildPhase;
			buildActionMask = 2147483647;
			files = (
				A293E9B31E435E2C008905B5 /* main.mm in Sources */,
				A293E9C01E436199008905B5 /* StopWatch.cpp in Sources */,
			);
			runOnlyForDeploymentPostprocessing = 0;
		};
/* End PBXSourcesBuildPhase section */

/* Begin XCBuildConfiguration section */
		A293E9B41E435E2C008905B5 /* Debug */ = {
			isa = XCBuildConfiguration;
			buildSettings = {
				ALWAYS_SEARCH_USER_PATHS = NO;
				CLANG_ANALYZER_NONNULL = YES;
				CLANG_CXX_LANGUAGE_STANDARD = "gnu++0x";
				CLANG_CXX_LIBRARY = "libc++";
				CLANG_ENABLE_MODULES = YES;
				CLANG_ENABLE_OBJC_ARC = YES;
				CLANG_WARN_BOOL_CONVERSION = YES;
				CLANG_WARN_CONSTANT_CONVERSION = YES;
				CLANG_WARN_DIRECT_OBJC_ISA_USAGE = YES_ERROR;
				CLANG_WARN_DOCUMENTATION_COMMENTS = YES;
				CLANG_WARN_EMPTY_BODY = YES;
				CLANG_WARN_ENUM_CONVERSION = YES;
				CLANG_WARN_INFINITE_RECURSION = YES;
				CLANG_WARN_INT_CONVERSION = YES;
				CLANG_WARN_OBJC_ROOT_CLASS = YES_ERROR;
				CLANG_WARN_SUSPICIOUS_MOVE = YES;
				CLANG_WARN_UNREACHABLE_CODE = YES;
				CLANG_WARN__DUPLICATE_METHOD_MATCH = YES;
				CODE_SIGN_IDENTITY = "-";
				COPY_PHASE_STRIP = NO;
				DEBUG_INFORMATION_FORMAT = dwarf;
				ENABLE_STRICT_OBJC_MSGSEND = YES;
				ENABLE_TESTABILITY = YES;
				GCC_C_LANGUAGE_STANDARD = gnu99;
				GCC_DYNAMIC_NO_PIC = NO;
				GCC_NO_COMMON_BLOCKS = YES;
				GCC_OPTIMIZATION_LEVEL = 0;
				GCC_PREPROCESSOR_DEFINITIONS = (
					"DEBUG=1",
					"$(inherited)",
				);
				GCC_WARN_64_TO_32_BIT_CONVERSION = YES;
				GCC_WARN_ABOUT_RETURN_TYPE = YES_ERROR;
				GCC_WARN_UNDECLARED_SELECTOR = YES;
				GCC_WARN_UNINITIALIZED_AUTOS = YES_AGGRESSIVE;
				GCC_WARN_UNUSED_FUNCTION = YES;
				GCC_WARN_UNUSED_VARIABLE = YES;
				MACOSX_DEPLOYMENT_TARGET = 10.12;
				MTL_ENABLE_DEBUG_INFO = YES;
				ONLY_ACTIVE_ARCH = YES;
				SDKROOT = macosx;
			};
			name = Debug;
		};
		A293E9B51E435E2C008905B5 /* Release */ = {
			isa = XCBuildConfiguration;
			buildSettings = {
				ALWAYS_SEARCH_USER_PATHS = NO;
				CLANG_ANALYZER_NONNULL = YES;
				CLANG_CXX_LANGUAGE_STANDARD = "gnu++0x";
				CLANG_CXX_LIBRARY = "libc++";
				CLANG_ENABLE_MODULES = YES;
				CLANG_ENABLE_OBJC_ARC = YES;
				CLANG_WARN_BOOL_CONVERSION = YES;
				CLANG_WARN_CONSTANT_CONVERSION = YES;
				CLANG_WARN_DIRECT_OBJC_ISA_USAGE = YES_ERROR;
				CLANG_WARN_DOCUMENTATION_COMMENTS = YES;
				CLANG_WARN_EMPTY_BODY = YES;
				CLANG_WARN_ENUM_CONVERSION = YES;
				CLANG_WARN_INFINITE_RECURSION = YES;
				CLANG_WARN_INT_CONVERSION = YES;
				CLANG_WARN_OBJC_ROOT_CLASS = YES_ERROR;
				CLANG_WARN_SUSPICIOUS_MOVE = YES;
				CLANG_WARN_UNREACHABLE_CODE = YES;
				CLANG_WARN__DUPLICATE_METHOD_MATCH = YES;
				CODE_SIGN_IDENTITY = "-";
				COPY_PHASE_STRIP = NO;
				DEBUG_INFORMATION_FORMAT = "dwarf-with-dsym";
				ENABLE_NS_ASSERTIONS = NO;
				ENABLE_STRICT_OBJC_MSGSEND = YES;
				GCC_C_LANGUAGE_STANDARD = gnu99;
				GCC_NO_COMMON_BLOCKS = YES;
				GCC_WARN_64_TO_32_BIT_CONVERSION = YES;
				GCC_WARN_ABOUT_RETURN_TYPE = YES_ERROR;
				GCC_WARN_UNDECLARED_SELECTOR = YES;
				GCC_WARN_UNINITIALIZED_AUTOS = YES_AGGRESSIVE;
				GCC_WARN_UNUSED_FUNCTION = YES;
				GCC_WARN_UNUSED_VARIABLE = YES;
				MACOSX_DEPLOYMENT_TARGET = 10.12;
				MTL_ENABLE_DEBUG_INFO = NO;
				SDKROOT = macosx;
			};
			name = Release;
		};
		A293E9B71E435E2C008905B5 /* Debug */ = {
			isa = XCBuildConfiguration;
			buildSettings = {
				CLANG_ALLOW_NON_MODULAR_INCLUDES_IN_FRAMEWORK_MODULES = NO;
				CLANG_X86_VECTOR_INSTRUCTIONS = avx2;
				DEFINES_MODULE = NO;
				GCC_WARN_UNUSED_FUNCTION = NO;
				PRODUCT_NAME = "$(TARGET_NAME)";
				VALID_ARCHS = x86_64;
			};
			name = Debug;
		};
		A293E9B81E435E2C008905B5 /* Release */ = {
			isa = XCBuildConfiguration;
			buildSettings = {
				CLANG_ALLOW_NON_MODULAR_INCLUDES_IN_FRAMEWORK_MODULES = NO;
				CLANG_X86_VECTOR_INSTRUCTIONS = avx2;
				DEFINES_MODULE = NO;
				GCC_WARN_UNUSED_FUNCTION = NO;
				ONLY_ACTIVE_ARCH = YES;
				PRODUCT_NAME = "$(TARGET_NAME)";
				VALID_ARCHS = x86_64;
			};
			name = Release;
		};
/* End XCBuildConfiguration section */

/* Begin XCConfigurationList section */
		A293E9AA1E435E2B008905B5 /* Build configuration list for PBXProject "simdsample" */ = {
			isa = XCConfigurationList;
			buildConfigurations = (
				A293E9B41E435E2C008905B5 /* Debug */,
				A293E9B51E435E2C008905B5 /* Release */,
			);
			defaultConfigurationIsVisible = 0;
			defaultConfigurationName = Release;
		};
		A293E9B61E435E2C008905B5 /* Build configuration list for PBXNativeTarget "simdsample" */ = {
			isa = XCConfigurationList;
			buildConfigurations = (
				A293E9B71E435E2C008905B5 /* Debug */,
				A293E9B81E435E2C008905B5 /* Release */,
			);
			defaultConfigurationIsVisible = 0;
			defaultConfigurationName = Release;
		};
/* End XCConfigurationList section */
	};
	rootObject = A293E9A71E435E2B008905B5 /* Project object */;
}
